
Microsoft Visual Studio Solution File, Format Version 12.00
# Visual Studio Version 17
VisualStudioVersion = 17.5.33530.505
MinimumVisualStudioVersion = 10.0.40219.1
Project("{8BC9CEB8-8B4A-11D0-8D11-00A0C91BC942}") = "magazin_qt", "magazin_qt.vcxproj", "{C0EC1B79-8E0F-43FC-958A-18D07CF18293}"
EndProject
Global
	GlobalSection(SolutionConfigurationPlatforms) = preSolution
		Debug|x64 = Debug|x64
		Release|x64 = Release|x64
	EndGlobalSection
	GlobalSection(ProjectConfigurationPlatforms) = postSolution
		{C0EC1B79-8E0F-43FC-958A-18D07CF18293}.Debug|x64.ActiveCfg = Debug|x64
		{C0EC1B79-8E0F-43FC-958A-18D07CF18293}.Debug|x64.Build.0 = Debug|x64
		{C0EC1B79-8E0F-43FC-958A-18D07CF18293}.Release|x64.ActiveCfg = Release|x64
		{C0EC1B79-8E0F-43FC-958A-18D07CF18293}.Release|x64.Build.0 = Release|x64
	EndGlobalSection
	GlobalSection(SolutionProperties) = preSolution
		HideSolutionNode = FALSE
	EndGlobalSection
	GlobalSection(ExtensibilityGlobals) = postSolution
		SolutionGuid = {4A7445FF-ADA7-4E4E-B498-B8A2792DB415}
	EndGlobalSection
EndGlobal
